
Microsoft Visual Studio Solution File, Format Version 12.00
# Visual Studio 14
VisualStudioVersion = 14.0.25420.1
MinimumVisualStudioVersion = 10.0.40219.1
Project("{FAE04EC0-301F-11D3-BF4B-00C04F79EFBC}") = "CemsanKimlikKarti", "CemsanKimlikKarti\CemsanKimlikKarti.csproj", "{BDEB243F-C17C-46B8-B6E7-F74D7B9F174B}"
EndProject
Global
	GlobalSection(SolutionConfigurationPlatforms) = preSolution
		Debug|Any CPU = Debug|Any CPU
		Release|Any CPU = Release|Any CPU
	EndGlobalSection
	GlobalSection(ProjectConfigurationPlatforms) = postSolution
		{BDEB243F-C17C-46B8-B6E7-F74D7B9F174B}.Debug|Any CPU.ActiveCfg = Debug|Any CPU
		{BDEB243F-C17C-46B8-B6E7-F74D7B9F174B}.Debug|Any CPU.Build.0 = Debug|Any CPU
		{BDEB243F-C17C-46B8-B6E7-F74D7B9F174B}.Release|Any CPU.ActiveCfg = Release|Any CPU
		{BDEB243F-C17C-46B8-B6E7-F74D7B9F174B}.Release|Any CPU.Build.0 = Release|Any CPU
	EndGlobalSection
	GlobalSection(SolutionProperties) = preSolution
		HideSolutionNode = FALSE
	EndGlobalSection
EndGlobal
